{
  "version": 4,
  "terraform_version": "1.3.0",
  "serial": 8,
  "lineage": "90af7291-0c8a-e754-3570-be84301b4a5b",
  "outputs": {
    "fortune_digest": {
      "value": "chukmunnlee/fortune@sha256:ccbfafcdd37935f65cc540d2195476f1747a4a33c7c2ebc7d0244ccd5756ee77",
      "type": "string"
    },
    "mykey_fingerprint": {
      "value": "4f:41:a3:50:27:ba:49:1b:52:80:79:38:55:fb:bb:b4",
      "type": "string"
    }
  },
  "resources": [
    {
      "mode": "data",
      "type": "digitalocean_ssh_key",
      "name": "mykey",
      "provider": "provider[\"registry.terraform.io/digitalocean/digitalocean\"]",
      "instances": [
        {
          "schema_version": 0,
          "attributes": {
            "fingerprint": "4f:41:a3:50:27:ba:49:1b:52:80:79:38:55:fb:bb:b4",
            "id": 36294245,
            "name": "mypcpubkey",
            "public_key": "ssh-rsa AAAAB3NzaC1yc2EAAAADAQABAAABgQDciBfMmhehFZvxtfN0ohkGMWFnR6OjRDXBCawUxGAK1dLMtAyCDqj9RB/o9QsdLtv4vZQFVs6LhmymcKh+r4En+3j903zTvufKp39XRAUjHjeKcv8wjyD5jFrPDVPh3fuMTKWnywlOaSXHKuf3pSeq5Ut/K+cNu94GSJNCl7YuyQCgw9dIVgLjFLGmW4uVmZRBVqxLk5YG1JlcrqXxLJPSnCo9qHMEXGvJMMtj7Erlkm5RYsGVR8IUkpZQVOCZ7fpHglsFDIXcVbQw5NRbgHhr2unbVgA9kQMbVclUhlCBxCh+QixkBLby+NnJc5y5UG76J/uM9P4n4r67rC2pHBKLxtqx3ET7fey+dskwT4qGgeLnnLYXKJ2qdaHxQS1CMVwo4GYgNbp3FQLz77HMXDrwuxwOqmwKD1HOeGE9XHjnz7wsyhoJfof+g8yDAu5zIPsXEHJJ9FK2aGantHUBVvW0OWZvvu+NJQ2dcN1MKq/JrE1k7asszHocJMDJK2/yqAM= shin9@Shin-PC"
          },
          "sensitive_attributes": []
        }
      ]
    },
    {
      "mode": "data",
      "type": "docker_image",
      "name": "fortune",
      "provider": "provider[\"registry.terraform.io/kreuzwerker/docker\"]",
      "instances": [
        {
          "schema_version": 0,
          "attributes": {
            "id": "sha256:ca5939c3caa34b35eda36848a35abafb318f2f311c51d8aeaea41104445cb408",
            "name": "chukmunnlee/fortune:v2",
            "repo_digest": "chukmunnlee/fortune@sha256:ccbfafcdd37935f65cc540d2195476f1747a4a33c7c2ebc7d0244ccd5756ee77"
          },
          "sensitive_attributes": []
        }
      ]
    },
    {
      "mode": "managed",
      "type": "docker_container",
      "name": "fortune_container",
      "provider": "provider[\"registry.terraform.io/kreuzwerker/docker\"]",
      "instances": [
        {
          "schema_version": 2,
          "attributes": {
            "attach": false,
            "bridge": "",
            "capabilities": [],
            "command": [],
            "container_logs": null,
            "container_read_refresh_timeout_milliseconds": 15000,
            "cpu_set": "",
            "cpu_shares": 0,
            "destroy_grace_seconds": null,
            "devices": [],
            "dns": null,
            "dns_opts": null,
            "dns_search": null,
            "domainname": "",
            "entrypoint": [
              "node",
              "main.js"
            ],
            "env": [],
            "exit_code": null,
            "gateway": "172.17.0.1",
            "gpus": null,
            "group_add": null,
            "healthcheck": [
              {
                "interval": "30s",
                "retries": 3,
                "start_period": "5s",
                "test": [
                  "CMD-SHELL",
                  "curl -s http://localhost:${APP_PORT}/healthz || exit 1"
                ],
                "timeout": "5s"
              }
            ],
            "host": [],
            "hostname": "b50c0f66d2fb",
            "id": "b50c0f66d2fbcf8d9dbd02b82fbdd799a869937350962a2da8fafb27c6b8a71c",
            "image": "sha256:ca5939c3caa34b35eda36848a35abafb318f2f311c51d8aeaea41104445cb408",
            "init": false,
            "ip_address": "172.17.0.2",
            "ip_prefix_length": 16,
            "ipc_mode": "private",
            "labels": [],
            "links": null,
            "log_driver": "json-file",
            "log_opts": null,
            "logs": false,
            "max_retry_count": 0,
            "memory": 0,
            "memory_swap": 0,
            "mounts": [],
            "must_run": true,
            "name": "fortune",
            "network_alias": null,
            "network_data": [
              {
                "gateway": "172.17.0.1",
                "global_ipv6_address": "",
                "global_ipv6_prefix_length": 0,
                "ip_address": "172.17.0.2",
                "ip_prefix_length": 16,
                "ipv6_gateway": "",
                "network_name": "bridge"
              }
            ],
            "network_mode": "default",
            "networks": null,
            "networks_advanced": [],
            "pid_mode": "",
            "ports": [
              {
                "external": 30000,
                "internal": 3000,
                "ip": "0.0.0.0",
                "protocol": "tcp"
              }
            ],
            "privileged": false,
            "publish_all_ports": false,
            "read_only": false,
            "remove_volumes": true,
            "restart": "no",
            "rm": false,
            "runtime": "runc",
            "security_opts": [],
            "shm_size": 64,
            "start": true,
            "stdin_open": false,
            "stop_signal": "",
            "stop_timeout": 0,
            "storage_opts": null,
            "sysctls": null,
            "tmpfs": null,
            "tty": false,
            "ulimit": [],
            "upload": [],
            "user": "",
            "userns_mode": "",
            "volumes": [],
            "working_dir": "/app"
          },
          "sensitive_attributes": [],
          "private": "eyJzY2hlbWFfdmVyc2lvbiI6IjIifQ==",
          "dependencies": [
            "data.docker_image.fortune"
          ]
        }
      ]
    }
  ],
  "check_results": []
}
